
Microsoft Visual Studio Solution File, Format Version 12.00
# Visual Studio Version 16
VisualStudioVersion = 16.0.30517.126
MinimumVisualStudioVersion = 10.0.40219.1
Project("{9A19103F-16F7-4668-BE54-9A1E7A4F7556}") = "BeatsaberOptimizer", "BeatsaberOptimizer\BeatsaberOptimizer.csproj", "{21EDF852-9743-4F90-91AC-3165B2D3B46D}"
EndProject
Global
	GlobalSection(SolutionConfigurationPlatforms) = preSolution
		Debug|Any CPU = Debug|Any CPU
		Release|Any CPU = Release|Any CPU
	EndGlobalSection
	GlobalSection(ProjectConfigurationPlatforms) = postSolution
		{21EDF852-9743-4F90-91AC-3165B2D3B46D}.Debug|Any CPU.ActiveCfg = Debug|Any CPU
		{21EDF852-9743-4F90-91AC-3165B2D3B46D}.Debug|Any CPU.Build.0 = Debug|Any CPU
		{21EDF852-9743-4F90-91AC-3165B2D3B46D}.Release|Any CPU.ActiveCfg = Release|Any CPU
		{21EDF852-9743-4F90-91AC-3165B2D3B46D}.Release|Any CPU.Build.0 = Release|Any CPU
	EndGlobalSection
	GlobalSection(SolutionProperties) = preSolution
		HideSolutionNode = FALSE
	EndGlobalSection
	GlobalSection(ExtensibilityGlobals) = postSolution
		SolutionGuid = {36F5760C-0E05-4F07-A99F-9320FAA606CB}
	EndGlobalSection
EndGlobal
